
Microsoft Visual Studio Solution File, Format Version 12.00
# Visual Studio 15
VisualStudioVersion = 15.0.28307.572
MinimumVisualStudioVersion = 10.0.40219.1
Project("{FAE04EC0-301F-11D3-BF4B-00C04F79EFBC}") = "PriceCalculationRuleEngine", "PriceCalculationRuleEngine\PriceCalculationRuleEngine.csproj", "{30315C5C-DA9F-4AD5-9C26-EE7595F14DE7}"
EndProject
Project("{FAE04EC0-301F-11D3-BF4B-00C04F79EFBC}") = "RuleEngine", "RuleEngine\RuleEngine.csproj", "{34CC02CE-195D-484F-A571-0782187F7BCA}"
EndProject
Global
	GlobalSection(SolutionConfigurationPlatforms) = preSolution
		Debug|Any CPU = Debug|Any CPU
		Release|Any CPU = Release|Any CPU
	EndGlobalSection
	GlobalSection(ProjectConfigurationPlatforms) = postSolution
		{30315C5C-DA9F-4AD5-9C26-EE7595F14DE7}.Debug|Any CPU.ActiveCfg = Debug|Any CPU
		{30315C5C-DA9F-4AD5-9C26-EE7595F14DE7}.Debug|Any CPU.Build.0 = Debug|Any CPU
		{30315C5C-DA9F-4AD5-9C26-EE7595F14DE7}.Release|Any CPU.ActiveCfg = Release|Any CPU
		{30315C5C-DA9F-4AD5-9C26-EE7595F14DE7}.Release|Any CPU.Build.0 = Release|Any CPU
		{34CC02CE-195D-484F-A571-0782187F7BCA}.Debug|Any CPU.ActiveCfg = Debug|Any CPU
		{34CC02CE-195D-484F-A571-0782187F7BCA}.Debug|Any CPU.Build.0 = Debug|Any CPU
		{34CC02CE-195D-484F-A571-0782187F7BCA}.Release|Any CPU.ActiveCfg = Release|Any CPU
		{34CC02CE-195D-484F-A571-0782187F7BCA}.Release|Any CPU.Build.0 = Release|Any CPU
	EndGlobalSection
	GlobalSection(SolutionProperties) = preSolution
		HideSolutionNode = FALSE
	EndGlobalSection
	GlobalSection(ExtensibilityGlobals) = postSolution
		SolutionGuid = {C42C433F-9952-4F6B-8175-71D016DD2B21}
	EndGlobalSection
EndGlobal
